// !$*UTF8*$!
{
	archiveVersion = 1;
	classes = {
	};
	objectVersion = 56;
	objects = {

/* Begin PBXBuildFile section */
		377981272C17ACFB005993A7 /* appApp.swift in Sources */ = {isa = PBXBuildFile; fileRef = 377981262C17ACFB005993A7 /* appApp.swift */; };
		377981292C17ACFB005993A7 /* ContentView.swift in Sources */ = {isa = PBXBuildFile; fileRef = 377981282C17ACFB005993A7 /* ContentView.swift */; };
		3779812B2C17ACFF005993A7 /* Assets.xcassets in Resources */ = {isa = PBXBuildFile; fileRef = 3779812A2C17ACFF005993A7 /* Assets.xcassets */; };
		3779812E2C17ACFF005993A7 /* Preview Assets.xcassets in Resources */ = {isa = PBXBuildFile; fileRef = 3779812D2C17ACFF005993A7 /* Preview Assets.xcassets */; };
		377981382C17AD00005993A7 /* appTests.swift in Sources */ = {isa = PBXBuildFile; fileRef = 377981372C17AD00005993A7 /* appTests.swift */; };
		377981422C17AD00005993A7 /* appUITests.swift in Sources */ = {isa = PBXBuildFile; fileRef = 377981412C17AD00005993A7 /* appUITests.swift */; };
		377981442C17AD00005993A7 /* appUITestsLaunchTests.swift in Sources */ = {isa = PBXBuildFile; fileRef = 377981432C17AD00005993A7 /* appUITestsLaunchTests.swift */; };
		377981532C17D8BC005993A7 /* homeview.swift in Sources */ = {isa = PBXBuildFile; fileRef = 377981522C17D8BC005993A7 /* homeview.swift */; };
		377981552C17D93E005993A7 /* calendarview.swift in Sources */ = {isa = PBXBuildFile; fileRef = 377981542C17D93E005993A7 /* calendarview.swift */; };
		377981572C17D95D005993A7 /* journalview.swift in Sources */ = {isa = PBXBuildFile; fileRef = 377981562C17D95D005993A7 /* journalview.swift */; };
		377981592C17E2D4005993A7 /* DE.swift in Sources */ = {isa = PBXBuildFile; fileRef = 377981582C17E2D4005993A7 /* DE.swift */; };
		3779815D2C17E5F8005993A7 /* calendarView.swift in Sources */ = {isa = PBXBuildFile; fileRef = 3779815C2C17E5F8005993A7 /* calendarView.swift */; };
/* End PBXBuildFile section */

/* Begin PBXContainerItemProxy section */
		377981342C17AD00005993A7 /* PBXContainerItemProxy */ = {
			isa = PBXContainerItemProxy;
			containerPortal = 3779811B2C17ACFB005993A7 /* Project object */;
			proxyType = 1;
			remoteGlobalIDString = 377981222C17ACFB005993A7;
			remoteInfo = app;
		};
		3779813E2C17AD00005993A7 /* PBXContainerItemProxy */ = {
			isa = PBXContainerItemProxy;
			containerPortal = 3779811B2C17ACFB005993A7 /* Project object */;
			proxyType = 1;
			remoteGlobalIDString = 377981222C17ACFB005993A7;
			remoteInfo = app;
		};
/* End PBXContainerItemProxy section */

/* Begin PBXFileReference section */
		377981232C17ACFB005993A7 /* app.app */ = {isa = PBXFileReference; explicitFileType = wrapper.application; includeInIndex = 0; path = app.app; sourceTree = BUILT_PRODUCTS_DIR; };
		377981262C17ACFB005993A7 /* appApp.swift */ = {isa = PBXFileReference; lastKnownFileType = sourcecode.swift; path = appApp.swift; sourceTree = "<group>"; };
		377981282C17ACFB005993A7 /* ContentView.swift */ = {isa = PBXFileReference; lastKnownFileType = sourcecode.swift; path = ContentView.swift; sourceTree = "<group>"; };
		3779812A2C17ACFF005993A7 /* Assets.xcassets */ = {isa = PBXFileReference; lastKnownFileType = folder.assetcatalog; path = Assets.xcassets; sourceTree = "<group>"; };
		3779812D2C17ACFF005993A7 /* Preview Assets.xcassets */ = {isa = PBXFileReference; lastKnownFileType = folder.assetcatalog; path = "Preview Assets.xcassets"; sourceTree = "<group>"; };
		377981332C17AD00005993A7 /* appTests.xctest */ = {isa = PBXFileReference; explicitFileType = wrapper.cfbundle; includeInIndex = 0; path = appTests.xctest; sourceTree = BUILT_PRODUCTS_DIR; };
		377981372C17AD00005993A7 /* appTests.swift */ = {isa = PBXFileReference; lastKnownFileType = sourcecode.swift; path = appTests.swift; sourceTree = "<group>"; };
		3779813D2C17AD00005993A7 /* appUITests.xctest */ = {isa = PBXFileReference; explicitFileType = wrapper.cfbundle; includeInIndex = 0; path = appUITests.xctest; sourceTree = BUILT_PRODUCTS_DIR; };
		377981412C17AD00005993A7 /* appUITests.swift */ = {isa = PBXFileReference; lastKnownFileType = sourcecode.swift; path = appUITests.swift; sourceTree = "<group>"; };
		377981432C17AD00005993A7 /* appUITestsLaunchTests.swift */ = {isa = PBXFileReference; lastKnownFileType = sourcecode.swift; path = appUITestsLaunchTests.swift; sourceTree = "<group>"; };
		377981522C17D8BC005993A7 /* homeview.swift */ = {isa = PBXFileReference; lastKnownFileType = sourcecode.swift; path = homeview.swift; sourceTree = "<group>"; };
		377981542C17D93E005993A7 /* calendarview.swift */ = {isa = PBXFileReference; lastKnownFileType = sourcecode.swift; path = calendarview.swift; sourceTree = "<group>"; };
		377981562C17D95D005993A7 /* journalview.swift */ = {isa = PBXFileReference; lastKnownFileType = sourcecode.swift; path = journalview.swift; sourceTree = "<group>"; };
		377981582C17E2D4005993A7 /* DE.swift */ = {isa = PBXFileReference; lastKnownFileType = sourcecode.swift; path = DE.swift; sourceTree = "<group>"; };
		3779815C2C17E5F8005993A7 /* calendarView.swift */ = {isa = PBXFileReference; lastKnownFileType = sourcecode.swift; name = calendarView.swift; path = ../calendarView.swift; sourceTree = "<group>"; };
/* End PBXFileReference section */

/* Begin PBXFrameworksBuildPhase section */
		377981202C17ACFB005993A7 /* Frameworks */ = {
			isa = PBXFrameworksBuildPhase;
			buildActionMask = 2147483647;
			files = (
			);
			runOnlyForDeploymentPostprocessing = 0;
		};
		377981302C17AD00005993A7 /* Frameworks */ = {
			isa = PBXFrameworksBuildPhase;
			buildActionMask = 2147483647;
			files = (
			);
			runOnlyForDeploymentPostprocessing = 0;
		};
		3779813A2C17AD00005993A7 /* Frameworks */ = {
			isa = PBXFrameworksBuildPhase;
			buildActionMask = 2147483647;
			files = (
			);
			runOnlyForDeploymentPostprocessing = 0;
		};
/* End PBXFrameworksBuildPhase section */

/* Begin PBXGroup section */
		3779811A2C17ACFB005993A7 = {
			isa = PBXGroup;
			children = (
				377981252C17ACFB005993A7 /* app */,
				377981362C17AD00005993A7 /* appTests */,
				377981402C17AD00005993A7 /* appUITests */,
				377981242C17ACFB005993A7 /* Products */,
			);
			sourceTree = "<group>";
		};
		377981242C17ACFB005993A7 /* Products */ = {
			isa = PBXGroup;
			children = (
				377981232C17ACFB005993A7 /* app.app */,
				377981332C17AD00005993A7 /* appTests.xctest */,
				3779813D2C17AD00005993A7 /* appUITests.xctest */,
			);
			name = Products;
			sourceTree = "<group>";
		};
		377981252C17ACFB005993A7 /* app */ = {
			isa = PBXGroup;
			children = (
				3779815C2C17E5F8005993A7 /* calendarView.swift */,
				377981582C17E2D4005993A7 /* DE.swift */,
				377981282C17ACFB005993A7 /* ContentView.swift */,
				377981262C17ACFB005993A7 /* appApp.swift */,
				377981542C17D93E005993A7 /* calendarview.swift */,
				377981522C17D8BC005993A7 /* homeview.swift */,
				377981562C17D95D005993A7 /* journalview.swift */,
				3779812A2C17ACFF005993A7 /* Assets.xcassets */,
				3779812C2C17ACFF005993A7 /* Preview Content */,
			);
			path = app;
			sourceTree = "<group>";
		};
		3779812C2C17ACFF005993A7 /* Preview Content */ = {
			isa = PBXGroup;
			children = (
				3779812D2C17ACFF005993A7 /* Preview Assets.xcassets */,
			);
			path = "Preview Content";
			sourceTree = "<group>";
		};
		377981362C17AD00005993A7 /* appTests */ = {
			isa = PBXGroup;
			children = (
				377981372C17AD00005993A7 /* appTests.swift */,
			);
			path = appTests;
			sourceTree = "<group>";
		};
		377981402C17AD00005993A7 /* appUITests */ = {
			isa = PBXGroup;
			children = (
				377981412C17AD00005993A7 /* appUITests.swift */,
				377981432C17AD00005993A7 /* appUITestsLaunchTests.swift */,
			);
			path = appUITests;
			sourceTree = "<group>";
		};
/* End PBXGroup section */

/* Begin PBXNativeTarget section */
		377981222C17ACFB005993A7 /* app */ = {
			isa = PBXNativeTarget;
			buildConfigurationList = 377981472C17AD00005993A7 /* Build configuration list for PBXNativeTarget "app" */;
			buildPhases = (
				3779811F2C17ACFB005993A7 /* Sources */,
				377981202C17ACFB005993A7 /* Frameworks */,
				377981212C17ACFB005993A7 /* Resources */,
			);
			buildRules = (
			);
			dependencies = (
			);
			name = app;
			productName = app;
			productReference = 377981232C17ACFB005993A7 /* app.app */;
			productType = "com.apple.product-type.application";
		};
		377981322C17AD00005993A7 /* appTests */ = {
			isa = PBXNativeTarget;
			buildConfigurationList = 3779814A2C17AD00005993A7 /* Build configuration list for PBXNativeTarget "appTests" */;
			buildPhases = (
				3779812F2C17AD00005993A7 /* Sources */,
				377981302C17AD00005993A7 /* Frameworks */,
				377981312C17AD00005993A7 /* Resources */,
			);
			buildRules = (
			);
			dependencies = (
				377981352C17AD00005993A7 /* PBXTargetDependency */,
			);
			name = appTests;
			productName = appTests;
			productReference = 377981332C17AD00005993A7 /* appTests.xctest */;
			productType = "com.apple.product-type.bundle.unit-test";
		};
		3779813C2C17AD00005993A7 /* appUITests */ = {
			isa = PBXNativeTarget;
			buildConfigurationList = 3779814D2C17AD00005993A7 /* Build configuration list for PBXNativeTarget "appUITests" */;
			buildPhases = (
				377981392C17AD00005993A7 /* Sources */,
				3779813A2C17AD00005993A7 /* Frameworks */,
				3779813B2C17AD00005993A7 /* Resources */,
			);
			buildRules = (
			);
			dependencies = (
				3779813F2C17AD00005993A7 /* PBXTargetDependency */,
			);
			name = appUITests;
			productName = appUITests;
			productReference = 3779813D2C17AD00005993A7 /* appUITests.xctest */;
			productType = "com.apple.product-type.bundle.ui-testing";
		};
/* End PBXNativeTarget section */

/* Begin PBXProject section */
		3779811B2C17ACFB005993A7 /* Project object */ = {
			isa = PBXProject;
			attributes = {
				BuildIndependentTargetsInParallel = 1;
				LastSwiftUpdateCheck = 1540;
				LastUpgradeCheck = 1540;
				TargetAttributes = {
					377981222C17ACFB005993A7 = {
						CreatedOnToolsVersion = 15.4;
					};
					377981322C17AD00005993A7 = {
						CreatedOnToolsVersion = 15.4;
						TestTargetID = 377981222C17ACFB005993A7;
					};
					3779813C2C17AD00005993A7 = {
						CreatedOnToolsVersion = 15.4;
						TestTargetID = 377981222C17ACFB005993A7;
					};
				};
			};
			buildConfigurationList = 3779811E2C17ACFB005993A7 /* Build configuration list for PBXProject "app" */;
			compatibilityVersion = "Xcode 14.0";
			developmentRegion = en;
			hasScannedForEncodings = 0;
			knownRegions = (
				en,
				Base,
			);
			mainGroup = 3779811A2C17ACFB005993A7;
			productRefGroup = 377981242C17ACFB005993A7 /* Products */;
			projectDirPath = "";
			projectRoot = "";
			targets = (
				377981222C17ACFB005993A7 /* app */,
				377981322C17AD00005993A7 /* appTests */,
				3779813C2C17AD00005993A7 /* appUITests */,
			);
		};
/* End PBXProject section */

/* Begin PBXResourcesBuildPhase section */
		377981212C17ACFB005993A7 /* Resources */ = {
			isa = PBXResourcesBuildPhase;
			buildActionMask = 2147483647;
			files = (
				3779812E2C17ACFF005993A7 /* Preview Assets.xcassets in Resources */,
				3779812B2C17ACFF005993A7 /* Assets.xcassets in Resources */,
			);
			runOnlyForDeploymentPostprocessing = 0;
		};
		377981312C17AD00005993A7 /* Resources */ = {
			isa = PBXResourcesBuildPhase;
			buildActionMask = 2147483647;
			files = (
			);
			runOnlyForDeploymentPostprocessing = 0;
		};
		3779813B2C17AD00005993A7 /* Resources */ = {
			isa = PBXResourcesBuildPhase;
			buildActionMask = 2147483647;
			files = (
			);
			runOnlyForDeploymentPostprocessing = 0;
		};
/* End PBXResourcesBuildPhase section */

/* Begin PBXSourcesBuildPhase section */
		3779811F2C17ACFB005993A7 /* Sources */ = {
			isa = PBXSourcesBuildPhase;
			buildActionMask = 2147483647;
			files = (
				377981572C17D95D005993A7 /* journalview.swift in Sources */,
				377981292C17ACFB005993A7 /* ContentView.swift in Sources */,
				377981592C17E2D4005993A7 /* DE.swift in Sources */,
				377981532C17D8BC005993A7 /* homeview.swift in Sources */,
				377981552C17D93E005993A7 /* calendarview.swift in Sources */,
				3779815D2C17E5F8005993A7 /* calendarView.swift in Sources */,
				377981272C17ACFB005993A7 /* appApp.swift in Sources */,
			);
			runOnlyForDeploymentPostprocessing = 0;
		};
		3779812F2C17AD00005993A7 /* Sources */ = {
			isa = PBXSourcesBuildPhase;
			buildActionMask = 2147483647;
			files = (
				377981382C17AD00005993A7 /* appTests.swift in Sources */,
			);
			runOnlyForDeploymentPostprocessing = 0;
		};
		377981392C17AD00005993A7 /* Sources */ = {
			isa = PBXSourcesBuildPhase;
			buildActionMask = 2147483647;
			files = (
				377981442C17AD00005993A7 /* appUITestsLaunchTests.swift in Sources */,
				377981422C17AD00005993A7 /* appUITests.swift in Sources */,
			);
			runOnlyForDeploymentPostprocessing = 0;
		};
/* End PBXSourcesBuildPhase section */

/* Begin PBXTargetDependency section */
		377981352C17AD00005993A7 /* PBXTargetDependency */ = {
			isa = PBXTargetDependency;
			target = 377981222C17ACFB005993A7 /* app */;
			targetProxy = 377981342C17AD00005993A7 /* PBXContainerItemProxy */;
		};
		3779813F2C17AD00005993A7 /* PBXTargetDependency */ = {
			isa = PBXTargetDependency;
			target = 377981222C17ACFB005993A7 /* app */;
			targetProxy = 3779813E2C17AD00005993A7 /* PBXContainerItemProxy */;
		};
/* End PBXTargetDependency section */

/* Begin XCBuildConfiguration section */
		377981452C17AD00005993A7 /* Debug */ = {
			isa = XCBuildConfiguration;
			buildSettings = {
				ALWAYS_SEARCH_USER_PATHS = NO;
				ASSETCATALOG_COMPILER_GENERATE_SWIFT_ASSET_SYMBOL_EXTENSIONS = YES;
				CLANG_ANALYZER_NONNULL = YES;
				CLANG_ANALYZER_NUMBER_OBJECT_CONVERSION = YES_AGGRESSIVE;
				CLANG_CXX_LANGUAGE_STANDARD = "gnu++20";
				CLANG_ENABLE_MODULES = YES;
				CLANG_ENABLE_OBJC_ARC = YES;
				CLANG_ENABLE_OBJC_WEAK = YES;
				CLANG_WARN_BLOCK_CAPTURE_AUTORELEASING = YES;
				CLANG_WARN_BOOL_CONVERSION = YES;
				CLANG_WARN_COMMA = YES;
				CLANG_WARN_CONSTANT_CONVERSION = YES;
				CLANG_WARN_DEPRECATED_OBJC_IMPLEMENTATIONS = YES;
				CLANG_WARN_DIRECT_OBJC_ISA_USAGE = YES_ERROR;
				CLANG_WARN_DOCUMENTATION_COMMENTS = YES;
				CLANG_WARN_EMPTY_BODY = YES;
				CLANG_WARN_ENUM_CONVERSION = YES;
				CLANG_WARN_INFINITE_RECURSION = YES;
				CLANG_WARN_INT_CONVERSION = YES;
				CLANG_WARN_NON_LITERAL_NULL_CONVERSION = YES;
				CLANG_WARN_OBJC_IMPLICIT_RETAIN_SELF = YES;
				CLANG_WARN_OBJC_LITERAL_CONVERSION = YES;
				CLANG_WARN_OBJC_ROOT_CLASS = YES_ERROR;
				CLANG_WARN_QUOTED_INCLUDE_IN_FRAMEWORK_HEADER = YES;
				CLANG_WARN_RANGE_LOOP_ANALYSIS = YES;
				CLANG_WARN_STRICT_PROTOTYPES = YES;
				CLANG_WARN_SUSPICIOUS_MOVE = YES;
				CLANG_WARN_UNGUARDED_AVAILABILITY = YES_AGGRESSIVE;
				CLANG_WARN_UNREACHABLE_CODE = YES;
				CLANG_WARN__DUPLICATE_METHOD_MATCH = YES;
				COPY_PHASE_STRIP = NO;
				DEBUG_INFORMATION_FORMAT = dwarf;
				ENABLE_STRICT_OBJC_MSGSEND = YES;
				ENABLE_TESTABILITY = YES;
				ENABLE_USER_SCRIPT_SANDBOXING = YES;
				GCC_C_LANGUAGE_STANDARD = gnu17;
				GCC_DYNAMIC_NO_PIC = NO;
				GCC_NO_COMMON_BLOCKS = YES;
				GCC_OPTIMIZATION_LEVEL = 0;
				GCC_PREPROCESSOR_DEFINITIONS = (
					"DEBUG=1",
					"$(inherited)",
				);
				GCC_WARN_64_TO_32_BIT_CONVERSION = YES;
				GCC_WARN_ABOUT_RETURN_TYPE = YES_ERROR;
				GCC_WARN_UNDECLARED_SELECTOR = YES;
				GCC_WARN_UNINITIALIZED_AUTOS = YES_AGGRESSIVE;
				GCC_WARN_UNUSED_FUNCTION = YES;
				GCC_WARN_UNUSED_VARIABLE = YES;
				IPHONEOS_DEPLOYMENT_TARGET = 17.5;
				LOCALIZATION_PREFERS_STRING_CATALOGS = YES;
				MTL_ENABLE_DEBUG_INFO = INCLUDE_SOURCE;
				MTL_FAST_MATH = YES;
				ONLY_ACTIVE_ARCH = YES;
				SDKROOT = iphoneos;
				SWIFT_ACTIVE_COMPILATION_CONDITIONS = "DEBUG $(inherited)";
				SWIFT_OPTIMIZATION_LEVEL = "-Onone";
			};
			name = Debug;
		};
		377981462C17AD00005993A7 /* Release */ = {
			isa = XCBuildConfiguration;
			buildSettings = {
				ALWAYS_SEARCH_USER_PATHS = NO;
				ASSETCATALOG_COMPILER_GENERATE_SWIFT_ASSET_SYMBOL_EXTENSIONS = YES;
				CLANG_ANALYZER_NONNULL = YES;
				CLANG_ANALYZER_NUMBER_OBJECT_CONVERSION = YES_AGGRESSIVE;
				CLANG_CXX_LANGUAGE_STANDARD = "gnu++20";
				CLANG_ENABLE_MODULES = YES;
				CLANG_ENABLE_OBJC_ARC = YES;
				CLANG_ENABLE_OBJC_WEAK = YES;
				CLANG_WARN_BLOCK_CAPTURE_AUTORELEASING = YES;
				CLANG_WARN_BOOL_CONVERSION = YES;
				CLANG_WARN_COMMA = YES;
				CLANG_WARN_CONSTANT_CONVERSION = YES;
				CLANG_WARN_DEPRECATED_OBJC_IMPLEMENTATIONS = YES;
				CLANG_WARN_DIRECT_OBJC_ISA_USAGE = YES_ERROR;
				CLANG_WARN_DOCUMENTATION_COMMENTS = YES;
				CLANG_WARN_EMPTY_BODY = YES;
				CLANG_WARN_ENUM_CONVERSION = YES;
				CLANG_WARN_INFINITE_RECURSION = YES;
				CLANG_WARN_INT_CONVERSION = YES;
				CLANG_WARN_NON_LITERAL_NULL_CONVERSION = YES;
				CLANG_WARN_OBJC_IMPLICIT_RETAIN_SELF = YES;
				CLANG_WARN_OBJC_LITERAL_CONVERSION = YES;
				CLANG_WARN_OBJC_ROOT_CLASS = YES_ERROR;
				CLANG_WARN_QUOTED_INCLUDE_IN_FRAMEWORK_HEADER = YES;
				CLANG_WARN_RANGE_LOOP_ANALYSIS = YES;
				CLANG_WARN_STRICT_PROTOTYPES = YES;
				CLANG_WARN_SUSPICIOUS_MOVE = YES;
				CLANG_WARN_UNGUARDED_AVAILABILITY = YES_AGGRESSIVE;
				CLANG_WARN_UNREACHABLE_CODE = YES;
				CLANG_WARN__DUPLICATE_METHOD_MATCH = YES;
				COPY_PHASE_STRIP = NO;
				DEBUG_INFORMATION_FORMAT = "dwarf-with-dsym";
				ENABLE_NS_ASSERTIONS = NO;
				ENABLE_STRICT_OBJC_MSGSEND = YES;
				ENABLE_USER_SCRIPT_SANDBOXING = YES;
				GCC_C_LANGUAGE_STANDARD = gnu17;
				GCC_NO_COMMON_BLOCKS = YES;
				GCC_WARN_64_TO_32_BIT_CONVERSION = YES;
				GCC_WARN_ABOUT_RETURN_TYPE = YES_ERROR;
				GCC_WARN_UNDECLARED_SELECTOR = YES;
				GCC_WARN_UNINITIALIZED_AUTOS = YES_AGGRESSIVE;
				GCC_WARN_UNUSED_FUNCTION = YES;
				GCC_WARN_UNUSED_VARIABLE = YES;
				IPHONEOS_DEPLOYMENT_TARGET = 17.5;
				LOCALIZATION_PREFERS_STRING_CATALOGS = YES;
				MTL_ENABLE_DEBUG_INFO = NO;
				MTL_FAST_MATH = YES;
				SDKROOT = iphoneos;
				SWIFT_COMPILATION_MODE = wholemodule;
				VALIDATE_PRODUCT = YES;
			};
			name = Release;
		};
		377981482C17AD00005993A7 /* Debug */ = {
			isa = XCBuildConfiguration;
			buildSettings = {
				ASSETCATALOG_COMPILER_APPICON_NAME = AppIcon;
				ASSETCATALOG_COMPILER_GLOBAL_ACCENT_COLOR_NAME = AccentColor;
				CODE_SIGN_STYLE = Automatic;
				CURRENT_PROJECT_VERSION = 1;
				DEVELOPMENT_ASSET_PATHS = "\"app/Preview Content\"";
				DEVELOPMENT_TEAM = 2X97MF7286;
				ENABLE_PREVIEWS = YES;
				GENERATE_INFOPLIST_FILE = YES;
				INFOPLIST_KEY_UIApplicationSceneManifest_Generation = YES;
				INFOPLIST_KEY_UIApplicationSupportsIndirectInputEvents = YES;
				INFOPLIST_KEY_UILaunchScreen_Generation = YES;
				INFOPLIST_KEY_UISupportedInterfaceOrientations_iPad = "UIInterfaceOrientationPortrait UIInterfaceOrientationPortraitUpsideDown UIInterfaceOrientationLandscapeLeft UIInterfaceOrientationLandscapeRight";
				INFOPLIST_KEY_UISupportedInterfaceOrientations_iPhone = "UIInterfaceOrientationPortrait UIInterfaceOrientationLandscapeLeft UIInterfaceOrientationLandscapeRight";
				IPHONEOS_DEPLOYMENT_TARGET = 17.0;
				LD_RUNPATH_SEARCH_PATHS = (
					"$(inherited)",
					"@executable_path/Frameworks",
				);
				MARKETING_VERSION = 1.0;
				PRODUCT_BUNDLE_IDENTIFIER = test234.app;
				PRODUCT_NAME = "$(TARGET_NAME)";
				SWIFT_EMIT_LOC_STRINGS = YES;
				SWIFT_VERSION = 5.0;
				TARGETED_DEVICE_FAMILY = "1,2";
			};
			name = Debug;
		};
		377981492C17AD00005993A7 /* Release */ = {
			isa = XCBuildConfiguration;
			buildSettings = {
				ASSETCATALOG_COMPILER_APPICON_NAME = AppIcon;
				ASSETCATALOG_COMPILER_GLOBAL_ACCENT_COLOR_NAME = AccentColor;
				CODE_SIGN_STYLE = Automatic;
				CURRENT_PROJECT_VERSION = 1;
				DEVELOPMENT_ASSET_PATHS = "\"app/Preview Content\"";
				DEVELOPMENT_TEAM = 2X97MF7286;
				ENABLE_PREVIEWS = YES;
				GENERATE_INFOPLIST_FILE = YES;
				INFOPLIST_KEY_UIApplicationSceneManifest_Generation = YES;
				INFOPLIST_KEY_UIApplicationSupportsIndirectInputEvents = YES;
				INFOPLIST_KEY_UILaunchScreen_Generation = YES;
				INFOPLIST_KEY_UISupportedInterfaceOrientations_iPad = "UIInterfaceOrientationPortrait UIInterfaceOrientationPortraitUpsideDown UIInterfaceOrientationLandscapeLeft UIInterfaceOrientationLandscapeRight";
				INFOPLIST_KEY_UISupportedInterfaceOrientations_iPhone = "UIInterfaceOrientationPortrait UIInterfaceOrientationLandscapeLeft UIInterfaceOrientationLandscapeRight";
				IPHONEOS_DEPLOYMENT_TARGET = 17.0;
				LD_RUNPATH_SEARCH_PATHS = (
					"$(inherited)",
					"@executable_path/Frameworks",
				);
				MARKETING_VERSION = 1.0;
				PRODUCT_BUNDLE_IDENTIFIER = test234.app;
				PRODUCT_NAME = "$(TARGET_NAME)";
				SWIFT_EMIT_LOC_STRINGS = YES;
				SWIFT_VERSION = 5.0;
				TARGETED_DEVICE_FAMILY = "1,2";
			};
			name = Release;
		};
		3779814B2C17AD00005993A7 /* Debug */ = {
			isa = XCBuildConfiguration;
			buildSettings = {
				ALWAYS_EMBED_SWIFT_STANDARD_LIBRARIES = YES;
				BUNDLE_LOADER = "$(TEST_HOST)";
				CODE_SIGN_STYLE = Automatic;
				CURRENT_PROJECT_VERSION = 1;
				GENERATE_INFOPLIST_FILE = YES;
				IPHONEOS_DEPLOYMENT_TARGET = 17.5;
				MARKETING_VERSION = 1.0;
				PRODUCT_BUNDLE_IDENTIFIER = test.appTests;
				PRODUCT_NAME = "$(TARGET_NAME)";
				SWIFT_EMIT_LOC_STRINGS = NO;
				SWIFT_VERSION = 5.0;
				TARGETED_DEVICE_FAMILY = "1,2";
				TEST_HOST = "$(BUILT_PRODUCTS_DIR)/app.app/$(BUNDLE_EXECUTABLE_FOLDER_PATH)/app";
			};
			name = Debug;
		};
		3779814C2C17AD00005993A7 /* Release */ = {
			isa = XCBuildConfiguration;
			buildSettings = {
				ALWAYS_EMBED_SWIFT_STANDARD_LIBRARIES = YES;
				BUNDLE_LOADER = "$(TEST_HOST)";
				CODE_SIGN_STYLE = Automatic;
				CURRENT_PROJECT_VERSION = 1;
				GENERATE_INFOPLIST_FILE = YES;
				IPHONEOS_DEPLOYMENT_TARGET = 17.5;
				MARKETING_VERSION = 1.0;
				PRODUCT_BUNDLE_IDENTIFIER = test.appTests;
				PRODUCT_NAME = "$(TARGET_NAME)";
				SWIFT_EMIT_LOC_STRINGS = NO;
				SWIFT_VERSION = 5.0;
				TARGETED_DEVICE_FAMILY = "1,2";
				TEST_HOST = "$(BUILT_PRODUCTS_DIR)/app.app/$(BUNDLE_EXECUTABLE_FOLDER_PATH)/app";
			};
			name = Release;
		};
		3779814E2C17AD00005993A7 /* Debug */ = {
			isa = XCBuildConfiguration;
			buildSettings = {
				ALWAYS_EMBED_SWIFT_STANDARD_LIBRARIES = YES;
				CODE_SIGN_STYLE = Automatic;
				CURRENT_PROJECT_VERSION = 1;
				GENERATE_INFOPLIST_FILE = YES;
				MARKETING_VERSION = 1.0;
				PRODUCT_BUNDLE_IDENTIFIER = test.appUITests;
				PRODUCT_NAME = "$(TARGET_NAME)";
				SWIFT_EMIT_LOC_STRINGS = NO;
				SWIFT_VERSION = 5.0;
				TARGETED_DEVICE_FAMILY = "1,2";
				TEST_TARGET_NAME = app;
			};
			name = Debug;
		};
		3779814F2C17AD00005993A7 /* Release */ = {
			isa = XCBuildConfiguration;
			buildSettings = {
				ALWAYS_EMBED_SWIFT_STANDARD_LIBRARIES = YES;
				CODE_SIGN_STYLE = Automatic;
				CURRENT_PROJECT_VERSION = 1;
				GENERATE_INFOPLIST_FILE = YES;
				MARKETING_VERSION = 1.0;
				PRODUCT_BUNDLE_IDENTIFIER = test.appUITests;
				PRODUCT_NAME = "$(TARGET_NAME)";
				SWIFT_EMIT_LOC_STRINGS = NO;
				SWIFT_VERSION = 5.0;
				TARGETED_DEVICE_FAMILY = "1,2";
				TEST_TARGET_NAME = app;
			};
			name = Release;
		};
/* End XCBuildConfiguration section */

/* Begin XCConfigurationList section */
		3779811E2C17ACFB005993A7 /* Build configuration list for PBXProject "app" */ = {
			isa = XCConfigurationList;
			buildConfigurations = (
				377981452C17AD00005993A7 /* Debug */,
				377981462C17AD00005993A7 /* Release */,
			);
			defaultConfigurationIsVisible = 0;
			defaultConfigurationName = Release;
		};
		377981472C17AD00005993A7 /* Build configuration list for PBXNativeTarget "app" */ = {
			isa = XCConfigurationList;
			buildConfigurations = (
				377981482C17AD00005993A7 /* Debug */,
				377981492C17AD00005993A7 /* Release */,
			);
			defaultConfigurationIsVisible = 0;
			defaultConfigurationName = Release;
		};
		3779814A2C17AD00005993A7 /* Build configuration list for PBXNativeTarget "appTests" */ = {
			isa = XCConfigurationList;
			buildConfigurations = (
				3779814B2C17AD00005993A7 /* Debug */,
				3779814C2C17AD00005993A7 /* Release */,
			);
			defaultConfigurationIsVisible = 0;
			defaultConfigurationName = Release;
		};
		3779814D2C17AD00005993A7 /* Build configuration list for PBXNativeTarget "appUITests" */ = {
			isa = XCConfigurationList;
			buildConfigurations = (
				3779814E2C17AD00005993A7 /* Debug */,
				3779814F2C17AD00005993A7 /* Release */,
			);
			defaultConfigurationIsVisible = 0;
			defaultConfigurationName = Release;
		};
/* End XCConfigurationList section */
	};
	rootObject = 3779811B2C17ACFB005993A7 /* Project object */;
}
